
Microsoft Visual Studio Solution File, Format Version 12.00
# Visual Studio 15
VisualStudioVersion = 15.0.27130.2020
MinimumVisualStudioVersion = 10.0.40219.1
Project("{8BC9CEB8-8B4A-11D0-8D11-00A0C91BC942}") = "emmy.backend", "src\emmy.backend.vcxproj", "{CB19A08F-478F-4AB2-8E62-602AFE298F77}"
EndProject
Project("{8BC9CEB8-8B4A-11D0-8D11-00A0C91BC942}") = "Shared", "src\Shared.vcxproj", "{2CD198E9-319C-48FB-85DC-AE3427A05BD2}"
EndProject
Project("{8BC9CEB8-8B4A-11D0-8D11-00A0C91BC942}") = "emmy.tool", "src\emmy.tool.vcxproj", "{944F0195-406B-4E4A-9E10-BF0CC4793E0A}"
EndProject
Project("{8BC9CEB8-8B4A-11D0-8D11-00A0C91BC942}") = "Lua", "src\Lua.vcxproj", "{891ED13A-BFEC-4A53-997A-A10434FC6BC9}"
EndProject
Project("{8BC9CEB8-8B4A-11D0-8D11-00A0C91BC942}") = "EasyHookDll", "src\EasyHookDll\EasyHookDll.vcxproj", "{D087E484-DBC9-4A2E-8368-C1D0E524994D}"
EndProject
Project("{8BC9CEB8-8B4A-11D0-8D11-00A0C91BC942}") = "emmy.arch", "src\emmy.arch.vcxproj", "{D7E515CE-C077-435B-85CD-EB1AF45DB2B3}"
EndProject
Global
	GlobalSection(SolutionConfigurationPlatforms) = preSolution
		Debug|x64 = Debug|x64
		Debug|x86 = Debug|x86
		Release|x64 = Release|x64
		Release|x86 = Release|x86
	EndGlobalSection
	GlobalSection(ProjectConfigurationPlatforms) = postSolution
		{CB19A08F-478F-4AB2-8E62-602AFE298F77}.Debug|x64.ActiveCfg = Debug|x64
		{CB19A08F-478F-4AB2-8E62-602AFE298F77}.Debug|x64.Build.0 = Debug|x64
		{CB19A08F-478F-4AB2-8E62-602AFE298F77}.Debug|x86.ActiveCfg = Debug|Win32
		{CB19A08F-478F-4AB2-8E62-602AFE298F77}.Debug|x86.Build.0 = Debug|Win32
		{CB19A08F-478F-4AB2-8E62-602AFE298F77}.Release|x64.ActiveCfg = Release|x64
		{CB19A08F-478F-4AB2-8E62-602AFE298F77}.Release|x64.Build.0 = Release|x64
		{CB19A08F-478F-4AB2-8E62-602AFE298F77}.Release|x86.ActiveCfg = Release|Win32
		{CB19A08F-478F-4AB2-8E62-602AFE298F77}.Release|x86.Build.0 = Release|Win32
		{2CD198E9-319C-48FB-85DC-AE3427A05BD2}.Debug|x64.ActiveCfg = Debug|x64
		{2CD198E9-319C-48FB-85DC-AE3427A05BD2}.Debug|x64.Build.0 = Debug|x64
		{2CD198E9-319C-48FB-85DC-AE3427A05BD2}.Debug|x86.ActiveCfg = Debug|Win32
		{2CD198E9-319C-48FB-85DC-AE3427A05BD2}.Debug|x86.Build.0 = Debug|Win32
		{2CD198E9-319C-48FB-85DC-AE3427A05BD2}.Release|x64.ActiveCfg = Release|x64
		{2CD198E9-319C-48FB-85DC-AE3427A05BD2}.Release|x64.Build.0 = Release|x64
		{2CD198E9-319C-48FB-85DC-AE3427A05BD2}.Release|x86.ActiveCfg = Release|Win32
		{2CD198E9-319C-48FB-85DC-AE3427A05BD2}.Release|x86.Build.0 = Release|Win32
		{944F0195-406B-4E4A-9E10-BF0CC4793E0A}.Debug|x64.ActiveCfg = Debug|x64
		{944F0195-406B-4E4A-9E10-BF0CC4793E0A}.Debug|x64.Build.0 = Debug|x64
		{944F0195-406B-4E4A-9E10-BF0CC4793E0A}.Debug|x86.ActiveCfg = Debug|Win32
		{944F0195-406B-4E4A-9E10-BF0CC4793E0A}.Debug|x86.Build.0 = Debug|Win32
		{944F0195-406B-4E4A-9E10-BF0CC4793E0A}.Release|x64.ActiveCfg = Release|x64
		{944F0195-406B-4E4A-9E10-BF0CC4793E0A}.Release|x64.Build.0 = Release|x64
		{944F0195-406B-4E4A-9E10-BF0CC4793E0A}.Release|x86.ActiveCfg = Release|Win32
		{944F0195-406B-4E4A-9E10-BF0CC4793E0A}.Release|x86.Build.0 = Release|Win32
		{891ED13A-BFEC-4A53-997A-A10434FC6BC9}.Debug|x64.ActiveCfg = Debug|x64
		{891ED13A-BFEC-4A53-997A-A10434FC6BC9}.Debug|x64.Build.0 = Debug|x64
		{891ED13A-BFEC-4A53-997A-A10434FC6BC9}.Debug|x86.ActiveCfg = Debug|Win32
		{891ED13A-BFEC-4A53-997A-A10434FC6BC9}.Debug|x86.Build.0 = Debug|Win32
		{891ED13A-BFEC-4A53-997A-A10434FC6BC9}.Release|x64.ActiveCfg = Release|x64
		{891ED13A-BFEC-4A53-997A-A10434FC6BC9}.Release|x64.Build.0 = Release|x64
		{891ED13A-BFEC-4A53-997A-A10434FC6BC9}.Release|x86.ActiveCfg = Release|Win32
		{891ED13A-BFEC-4A53-997A-A10434FC6BC9}.Release|x86.Build.0 = Release|Win32
		{D087E484-DBC9-4A2E-8368-C1D0E524994D}.Debug|x64.ActiveCfg = Debug|x64
		{D087E484-DBC9-4A2E-8368-C1D0E524994D}.Debug|x64.Build.0 = Debug|x64
		{D087E484-DBC9-4A2E-8368-C1D0E524994D}.Debug|x86.ActiveCfg = Debug|Win32
		{D087E484-DBC9-4A2E-8368-C1D0E524994D}.Debug|x86.Build.0 = Debug|Win32
		{D087E484-DBC9-4A2E-8368-C1D0E524994D}.Release|x64.ActiveCfg = Release|x64
		{D087E484-DBC9-4A2E-8368-C1D0E524994D}.Release|x64.Build.0 = Release|x64
		{D087E484-DBC9-4A2E-8368-C1D0E524994D}.Release|x86.ActiveCfg = Release|Win32
		{D087E484-DBC9-4A2E-8368-C1D0E524994D}.Release|x86.Build.0 = Release|Win32
		{D7E515CE-C077-435B-85CD-EB1AF45DB2B3}.Debug|x64.ActiveCfg = Debug|x64
		{D7E515CE-C077-435B-85CD-EB1AF45DB2B3}.Debug|x64.Build.0 = Debug|x64
		{D7E515CE-C077-435B-85CD-EB1AF45DB2B3}.Debug|x86.ActiveCfg = Debug|Win32
		{D7E515CE-C077-435B-85CD-EB1AF45DB2B3}.Debug|x86.Build.0 = Debug|Win32
		{D7E515CE-C077-435B-85CD-EB1AF45DB2B3}.Release|x64.ActiveCfg = Release|x64
		{D7E515CE-C077-435B-85CD-EB1AF45DB2B3}.Release|x64.Build.0 = Release|x64
		{D7E515CE-C077-435B-85CD-EB1AF45DB2B3}.Release|x86.ActiveCfg = Release|Win32
		{D7E515CE-C077-435B-85CD-EB1AF45DB2B3}.Release|x86.Build.0 = Release|Win32
	EndGlobalSection
	GlobalSection(SolutionProperties) = preSolution
		HideSolutionNode = FALSE
	EndGlobalSection
	GlobalSection(ExtensibilityGlobals) = postSolution
		SolutionGuid = {89E26AF9-CE39-46F9-B407-A7A93975FDB7}
	EndGlobalSection
EndGlobal
